
Microsoft Visual Studio Solution File, Format Version 12.00
# Visual Studio Express 15 for Windows Desktop
VisualStudioVersion = 15.0.28010.2046
MinimumVisualStudioVersion = 10.0.40219.1
Project("{8BC9CEB8-8B4A-11D0-8D11-00A0C91BC942}") = "mouse_simulation2", "mouse_simulation2\mouse_simulation2.vcxproj", "{7D7063F4-964F-440C-9351-FE651E051114}"
EndProject
Global
	GlobalSection(SolutionConfigurationPlatforms) = preSolution
		Debug|x64 = Debug|x64
		Debug|x86 = Debug|x86
		Release|x64 = Release|x64
		Release|x86 = Release|x86
	EndGlobalSection
	GlobalSection(ProjectConfigurationPlatforms) = postSolution
		{7D7063F4-964F-440C-9351-FE651E051114}.Debug|x64.ActiveCfg = Debug|x64
		{7D7063F4-964F-440C-9351-FE651E051114}.Debug|x64.Build.0 = Debug|x64
		{7D7063F4-964F-440C-9351-FE651E051114}.Debug|x86.ActiveCfg = Debug|Win32
		{7D7063F4-964F-440C-9351-FE651E051114}.Debug|x86.Build.0 = Debug|Win32
		{7D7063F4-964F-440C-9351-FE651E051114}.Release|x64.ActiveCfg = Release|x64
		{7D7063F4-964F-440C-9351-FE651E051114}.Release|x64.Build.0 = Release|x64
		{7D7063F4-964F-440C-9351-FE651E051114}.Release|x86.ActiveCfg = Release|Win32
		{7D7063F4-964F-440C-9351-FE651E051114}.Release|x86.Build.0 = Release|Win32
	EndGlobalSection
	GlobalSection(SolutionProperties) = preSolution
		HideSolutionNode = FALSE
	EndGlobalSection
	GlobalSection(ExtensibilityGlobals) = postSolution
		SolutionGuid = {6CF8A44D-AC81-4151-9DFE-19BEDB1877DD}
	EndGlobalSection
EndGlobal
